
Microsoft Visual Studio Solution File, Format Version 12.00
# Visual Studio Version 17
VisualStudioVersion = 17.10.35201.131
MinimumVisualStudioVersion = 10.0.40219.1
Project("{FAE04EC0-301F-11D3-BF4B-00C04F79EFBC}") = "application", "application\application.csproj", "{548DC3E0-1A2A-4322-BABA-9FB4ADBCF140}"
EndProject
Global
	GlobalSection(SolutionConfigurationPlatforms) = preSolution
		Debug|Any CPU = Debug|Any CPU
		Release|Any CPU = Release|Any CPU
	EndGlobalSection
	GlobalSection(ProjectConfigurationPlatforms) = postSolution
		{548DC3E0-1A2A-4322-BABA-9FB4ADBCF140}.Debug|Any CPU.ActiveCfg = Debug|Any CPU
		{548DC3E0-1A2A-4322-BABA-9FB4ADBCF140}.Debug|Any CPU.Build.0 = Debug|Any CPU
		{548DC3E0-1A2A-4322-BABA-9FB4ADBCF140}.Debug|Any CPU.Deploy.0 = Debug|Any CPU
		{548DC3E0-1A2A-4322-BABA-9FB4ADBCF140}.Release|Any CPU.ActiveCfg = Release|Any CPU
		{548DC3E0-1A2A-4322-BABA-9FB4ADBCF140}.Release|Any CPU.Build.0 = Release|Any CPU
		{548DC3E0-1A2A-4322-BABA-9FB4ADBCF140}.Release|Any CPU.Deploy.0 = Release|Any CPU
	EndGlobalSection
	GlobalSection(SolutionProperties) = preSolution
		HideSolutionNode = FALSE
	EndGlobalSection
	GlobalSection(ExtensibilityGlobals) = postSolution
		SolutionGuid = {4D285BBD-DCC9-4FE6-BBCD-E7EC41AADBB5}
	EndGlobalSection
EndGlobal
